
Microsoft Visual Studio Solution File, Format Version 12.00
# Visual Studio Version 17
VisualStudioVersion = 17.11.35303.130
MinimumVisualStudioVersion = 10.0.40219.1
Project("{FAE04EC0-301F-11D3-BF4B-00C04F79EFBC}") = "igiagbin", "igiagbin\igiagbin.csproj", "{DBBB6F05-06C8-43FD-8233-C746A5138C4F}"
EndProject
Global
	GlobalSection(SolutionConfigurationPlatforms) = preSolution
		Debug|Any CPU = Debug|Any CPU
		Release|Any CPU = Release|Any CPU
	EndGlobalSection
	GlobalSection(ProjectConfigurationPlatforms) = postSolution
		{DBBB6F05-06C8-43FD-8233-C746A5138C4F}.Debug|Any CPU.ActiveCfg = Debug|Any CPU
		{DBBB6F05-06C8-43FD-8233-C746A5138C4F}.Debug|Any CPU.Build.0 = Debug|Any CPU
		{DBBB6F05-06C8-43FD-8233-C746A5138C4F}.Release|Any CPU.ActiveCfg = Release|Any CPU
		{DBBB6F05-06C8-43FD-8233-C746A5138C4F}.Release|Any CPU.Build.0 = Release|Any CPU
	EndGlobalSection
	GlobalSection(SolutionProperties) = preSolution
		HideSolutionNode = FALSE
	EndGlobalSection
	GlobalSection(ExtensibilityGlobals) = postSolution
		SolutionGuid = {B7AB41E2-EDCC-4DED-94B5-C41422E92BD3}
	EndGlobalSection
EndGlobal
